
Microsoft Visual Studio Solution File, Format Version 12.00
# Visual Studio Version 16
VisualStudioVersion = 16.0.30413.136
MinimumVisualStudioVersion = 10.0.40219.1
Project("{FAE04EC0-301F-11D3-BF4B-00C04F79EFBC}") = "Asp_app", "Asp_app\Asp_app.csproj", "{834D1A9E-CDE6-4D22-9FD6-AE2FEEC3EF9A}"
EndProject
Global
	GlobalSection(SolutionConfigurationPlatforms) = preSolution
		Debug|Any CPU = Debug|Any CPU
		Release|Any CPU = Release|Any CPU
	EndGlobalSection
	GlobalSection(ProjectConfigurationPlatforms) = postSolution
		{834D1A9E-CDE6-4D22-9FD6-AE2FEEC3EF9A}.Debug|Any CPU.ActiveCfg = Debug|Any CPU
		{834D1A9E-CDE6-4D22-9FD6-AE2FEEC3EF9A}.Debug|Any CPU.Build.0 = Debug|Any CPU
		{834D1A9E-CDE6-4D22-9FD6-AE2FEEC3EF9A}.Release|Any CPU.ActiveCfg = Release|Any CPU
		{834D1A9E-CDE6-4D22-9FD6-AE2FEEC3EF9A}.Release|Any CPU.Build.0 = Release|Any CPU
	EndGlobalSection
	GlobalSection(SolutionProperties) = preSolution
		HideSolutionNode = FALSE
	EndGlobalSection
	GlobalSection(ExtensibilityGlobals) = postSolution
		SolutionGuid = {04631AFD-2807-4A46-BE8B-6FAC2669114E}
	EndGlobalSection
EndGlobal
