
Microsoft Visual Studio Solution File, Format Version 12.00
# Visual Studio Version 16
VisualStudioVersion = 16.0.30413.136
MinimumVisualStudioVersion = 10.0.40219.1
Project("{FAE04EC0-301F-11D3-BF4B-00C04F79EFBC}") = "Send_email", "App\Send_email.csproj", "{93F05534-C1C1-4D9F-B6A7-F48847B56DC4}"
EndProject
Project("{9A19103F-16F7-4668-BE54-9A1E7A4F7556}") = "Asp_app", "..\Asp_app\Asp_app\Asp_app.csproj", "{C1A1CD29-0247-4737-B3D8-F80E6B66EB43}"
EndProject
Project("{FAE04EC0-301F-11D3-BF4B-00C04F79EFBC}") = "UserInfo", "UserInfo\UserInfo.csproj", "{3DF8CA1C-5AD1-4ACA-9479-3C2FE950ED07}"
EndProject
Project("{FAE04EC0-301F-11D3-BF4B-00C04F79EFBC}") = "Email", "Email\Email.csproj", "{5854CE5A-B987-4A0D-A947-4185DE1FBC68}"
EndProject
Global
	GlobalSection(SolutionConfigurationPlatforms) = preSolution
		Debug|Any CPU = Debug|Any CPU
		Release|Any CPU = Release|Any CPU
	EndGlobalSection
	GlobalSection(ProjectConfigurationPlatforms) = postSolution
		{93F05534-C1C1-4D9F-B6A7-F48847B56DC4}.Debug|Any CPU.ActiveCfg = Debug|Any CPU
		{93F05534-C1C1-4D9F-B6A7-F48847B56DC4}.Debug|Any CPU.Build.0 = Debug|Any CPU
		{93F05534-C1C1-4D9F-B6A7-F48847B56DC4}.Release|Any CPU.ActiveCfg = Release|Any CPU
		{93F05534-C1C1-4D9F-B6A7-F48847B56DC4}.Release|Any CPU.Build.0 = Release|Any CPU
		{C1A1CD29-0247-4737-B3D8-F80E6B66EB43}.Debug|Any CPU.ActiveCfg = Debug|Any CPU
		{C1A1CD29-0247-4737-B3D8-F80E6B66EB43}.Debug|Any CPU.Build.0 = Debug|Any CPU
		{C1A1CD29-0247-4737-B3D8-F80E6B66EB43}.Release|Any CPU.ActiveCfg = Release|Any CPU
		{C1A1CD29-0247-4737-B3D8-F80E6B66EB43}.Release|Any CPU.Build.0 = Release|Any CPU
		{3DF8CA1C-5AD1-4ACA-9479-3C2FE950ED07}.Debug|Any CPU.ActiveCfg = Debug|Any CPU
		{3DF8CA1C-5AD1-4ACA-9479-3C2FE950ED07}.Debug|Any CPU.Build.0 = Debug|Any CPU
		{3DF8CA1C-5AD1-4ACA-9479-3C2FE950ED07}.Release|Any CPU.ActiveCfg = Release|Any CPU
		{3DF8CA1C-5AD1-4ACA-9479-3C2FE950ED07}.Release|Any CPU.Build.0 = Release|Any CPU
		{5854CE5A-B987-4A0D-A947-4185DE1FBC68}.Debug|Any CPU.ActiveCfg = Debug|Any CPU
		{5854CE5A-B987-4A0D-A947-4185DE1FBC68}.Debug|Any CPU.Build.0 = Debug|Any CPU
		{5854CE5A-B987-4A0D-A947-4185DE1FBC68}.Release|Any CPU.ActiveCfg = Release|Any CPU
		{5854CE5A-B987-4A0D-A947-4185DE1FBC68}.Release|Any CPU.Build.0 = Release|Any CPU
	EndGlobalSection
	GlobalSection(SolutionProperties) = preSolution
		HideSolutionNode = FALSE
	EndGlobalSection
	GlobalSection(ExtensibilityGlobals) = postSolution
		SolutionGuid = {643F1234-4A3D-4532-A151-A418A3F392FC}
	EndGlobalSection
EndGlobal
